
Microsoft Visual Studio Solution File, Format Version 12.00
# Visual Studio 15
VisualStudioVersion = 15.0.28307.421
MinimumVisualStudioVersion = 10.0.40219.1
Project("{9A19103F-16F7-4668-BE54-9A1E7A4F7556}") = "Myday.Course.App", "Myday.Course.App\Myday.Course.App.csproj", "{0A586CD6-9A8E-4760-92F6-ABFD292DAE9C}"
EndProject
Project("{2150E333-8FDC-42A3-9474-1A3956D46DE8}") = "Tests", "Tests", "{633FBA54-E654-4355-B380-BFAA4FA0AF95}"
EndProject
Project("{9A19103F-16F7-4668-BE54-9A1E7A4F7556}") = "Myday.Course.App.Tests", "Myday.Course.App.Tests\Myday.Course.App.Tests.csproj", "{FC3B8E8D-595C-4F14-9807-FDAC837EACEC}"
EndProject
Global
	GlobalSection(SolutionConfigurationPlatforms) = preSolution
		Debug|Any CPU = Debug|Any CPU
		Release|Any CPU = Release|Any CPU
	EndGlobalSection
	GlobalSection(ProjectConfigurationPlatforms) = postSolution
		{0A586CD6-9A8E-4760-92F6-ABFD292DAE9C}.Debug|Any CPU.ActiveCfg = Debug|Any CPU
		{0A586CD6-9A8E-4760-92F6-ABFD292DAE9C}.Debug|Any CPU.Build.0 = Debug|Any CPU
		{0A586CD6-9A8E-4760-92F6-ABFD292DAE9C}.Release|Any CPU.ActiveCfg = Release|Any CPU
		{0A586CD6-9A8E-4760-92F6-ABFD292DAE9C}.Release|Any CPU.Build.0 = Release|Any CPU
		{FC3B8E8D-595C-4F14-9807-FDAC837EACEC}.Debug|Any CPU.ActiveCfg = Debug|Any CPU
		{FC3B8E8D-595C-4F14-9807-FDAC837EACEC}.Debug|Any CPU.Build.0 = Debug|Any CPU
		{FC3B8E8D-595C-4F14-9807-FDAC837EACEC}.Release|Any CPU.ActiveCfg = Release|Any CPU
		{FC3B8E8D-595C-4F14-9807-FDAC837EACEC}.Release|Any CPU.Build.0 = Release|Any CPU
	EndGlobalSection
	GlobalSection(SolutionProperties) = preSolution
		HideSolutionNode = FALSE
	EndGlobalSection
	GlobalSection(NestedProjects) = preSolution
		{FC3B8E8D-595C-4F14-9807-FDAC837EACEC} = {633FBA54-E654-4355-B380-BFAA4FA0AF95}
	EndGlobalSection
	GlobalSection(ExtensibilityGlobals) = postSolution
		SolutionGuid = {100C6D30-F2DB-4354-B442-EE3EB3E19FBD}
	EndGlobalSection
EndGlobal
